
Microsoft Visual Studio Solution File, Format Version 12.00
Project("{2150E333-8FDC-42A3-9474-1A3956D46DE8}") = "src", "src", "{5B2D8A98-C56E-4DFF-AC70-BA169BD6B09C}"
EndProject
Project("{2150E333-8FDC-42A3-9474-1A3956D46DE8}") = "tests", "tests", "{6006EECD-7C38-4F15-94E3-829BFE7C722F}"
EndProject
Project("{FAE04EC0-301F-11D3-BF4B-00C04F79EFBC}") = "RocketseatAuction.API", "src\RocketseatAuction.API\RocketseatAuction.API.csproj", "{91D11F68-6C5D-45C5-B32C-A5EBE9414EF2}"
EndProject
Global
	GlobalSection(SolutionConfigurationPlatforms) = preSolution
		Debug|Any CPU = Debug|Any CPU
		Release|Any CPU = Release|Any CPU
	EndGlobalSection
	GlobalSection(NestedProjects) = preSolution
		{91D11F68-6C5D-45C5-B32C-A5EBE9414EF2} = {5B2D8A98-C56E-4DFF-AC70-BA169BD6B09C}
	EndGlobalSection
	GlobalSection(ProjectConfigurationPlatforms) = postSolution
		{91D11F68-6C5D-45C5-B32C-A5EBE9414EF2}.Debug|Any CPU.ActiveCfg = Debug|Any CPU
		{91D11F68-6C5D-45C5-B32C-A5EBE9414EF2}.Debug|Any CPU.Build.0 = Debug|Any CPU
		{91D11F68-6C5D-45C5-B32C-A5EBE9414EF2}.Release|Any CPU.ActiveCfg = Release|Any CPU
		{91D11F68-6C5D-45C5-B32C-A5EBE9414EF2}.Release|Any CPU.Build.0 = Release|Any CPU
	EndGlobalSection
EndGlobal
